{
  "version": "5",
  "specifiers": {
    "jsr:@gin/argocd-v1alpha1@*": "0.3.3",
    "jsr:@gin/argocd-v1alpha1@~0.3.3": "0.3.3",
    "jsr:@gin/core@0.2": "0.2.2",
    "jsr:@gin/core@~0.2.1": "0.2.1",
    "jsr:@gin/core@~0.2.2": "0.2.2",
    "jsr:@gin/helm-v1alpha1@*": "0.2.0",
    "jsr:@gin/helm-v1alpha1@0.2": "0.2.0",
    "jsr:@std/assert@^1.0.13": "1.0.13",
    "jsr:@std/cli@^1.0.19": "1.0.19",
    "jsr:@std/crypto@^1.0.5": "1.0.5",
    "jsr:@std/encoding@^1.0.10": "1.0.10",
    "jsr:@std/path@^1.1.0": "1.1.0",
    "jsr:@std/regexp@^1.0.1": "1.0.1",
    "jsr:@std/yaml@^1.0.7": "1.0.7",
    "npm:stacktracey@^2.1.8": "2.1.8"
  },
  "jsr": {
    "@gin/argocd-v1alpha1@0.3.3": {
      "integrity": "d11a1b4663ba72bd52663e6a1a94c4afbc1b98f1492792ebdbe040b8f0d95cf7",
      "dependencies": [
        "jsr:@gin/argocd-v1alpha1@~0.3.3",
        "jsr:@gin/core@0.2",
        "jsr:@gin/helm-v1alpha1@0.2"
      ]
    },
    "@gin/core@0.2.1": {
      "integrity": "130b9e3120e85c74c6d873f758a2f852fe027e85caf07b3ec01361ef9250e1e3",
      "dependencies": [
        "jsr:@std/cli",
        "jsr:@std/encoding",
        "jsr:@std/regexp",
        "jsr:@std/yaml",
        "npm:stacktracey"
      ]
    },
    "@gin/core@0.2.2": {
      "integrity": "1f62131042185f6a8b8a7573ae1cdd02feb52685b166bd52d38ebcf09b7d8c07",
      "dependencies": [
        "jsr:@std/cli",
        "jsr:@std/crypto",
        "jsr:@std/encoding",
        "jsr:@std/regexp",
        "jsr:@std/yaml",
        "npm:stacktracey"
      ]
    },
    "@gin/helm-v1alpha1@0.2.0": {
      "integrity": "062efca85cfd90316e7e431584ed8ec39345640d444593b99cb866671324bbab",
      "dependencies": [
        "jsr:@gin/core@0.2",
        "jsr:@std/assert",
        "jsr:@std/crypto",
        "jsr:@std/path",
        "jsr:@std/yaml"
      ]
    },
    "@std/assert@1.0.13": {
      "integrity": "ae0d31e41919b12c656c742b22522c32fb26ed0cba32975cb0de2a273cb68b29"
    },
    "@std/cli@1.0.19": {
      "integrity": "b3601a54891f89f3f738023af11960c4e6f7a45dc76cde39a6861124cba79e88"
    },
    "@std/crypto@1.0.5": {
      "integrity": "0dcfbb319fe0bba1bd3af904ceb4f948cde1b92979ec1614528380ed308a3b40"
    },
    "@std/encoding@1.0.10": {
      "integrity": "8783c6384a2d13abd5e9e87a7ae0520a30e9f56aeeaa3bdf910a3eaaf5c811a1"
    },
    "@std/path@1.1.0": {
      "integrity": "ddc94f8e3c275627281cbc23341df6b8bcc874d70374f75fec2533521e3d6886"
    },
    "@std/regexp@1.0.1": {
      "integrity": "5179d823465085c5480dafb44438466e83c424fadc61ba31f744050ecc0f596d"
    },
    "@std/yaml@1.0.7": {
      "integrity": "b4b9f6a625a6827ca2b75a3d240558b5ffd8b9a29945ec7614871be7b711a10a"
    }
  },
  "npm": {
    "as-table@1.0.55": {
      "integrity": "sha512-xvsWESUJn0JN421Xb9MQw6AsMHRCUknCe0Wjlxvjud80mU4E6hQf1A6NzQKcYNmYw62MfzEtXc+badstZP3JpQ==",
      "dependencies": [
        "printable-characters"
      ]
    },
    "data-uri-to-buffer@2.0.2": {
      "integrity": "sha512-ND9qDTLc6diwj+Xe5cdAgVTbLVdXbtxTJRXRhli8Mowuaan+0EJOtdqJ0QCHNSSPyoXGx9HX2/VMnKeC34AChA=="
    },
    "get-source@2.0.12": {
      "integrity": "sha512-X5+4+iD+HoSeEED+uwrQ07BOQr0kEDFMVqqpBuI+RaZBpBpHCuXxo70bjar6f0b0u/DQJsJ7ssurpP0V60Az+w==",
      "dependencies": [
        "data-uri-to-buffer",
        "source-map"
      ]
    },
    "printable-characters@1.0.42": {
      "integrity": "sha512-dKp+C4iXWK4vVYZmYSd0KBH5F/h1HoZRsbJ82AVKRO3PEo8L4lBS/vLwhVtpwwuYcoIsVY+1JYKR268yn480uQ=="
    },
    "source-map@0.6.1": {
      "integrity": "sha512-UjgapumWlbMhkBgzT7Ykc5YXUT46F0iKu8SGXq0bcwP5dz/h0Plj6enJqjz1Zbq2l5WaqYnrVbwWOWMyF3F47g=="
    },
    "stacktracey@2.1.8": {
      "integrity": "sha512-Kpij9riA+UNg7TnphqjH7/CzctQ/owJGNbFkfEeve4Z4uxT5+JapVLFXcsurIfN34gnTWZNJ/f7NMG0E8JDzTw==",
      "dependencies": [
        "as-table",
        "get-source"
      ]
    }
  },
  "workspace": {
    "dependencies": [
      "jsr:@gin/argocd-v1alpha1@~0.3.3",
      "jsr:@gin/core@~0.2.2",
      "jsr:@gin/helm-v1alpha1@0.2"
    ]
  }
}
